
Microsoft Visual Studio Solution File, Format Version 12.00
# Visual Studio Version 16
VisualStudioVersion = 16.0.29911.84
MinimumVisualStudioVersion = 10.0.40219.1
Project("{8BC9CEB8-8B4A-11D0-8D11-00A0C91BC942}") = "uid", "uid.vcxproj", "{6F667864-6A22-408B-9B39-308E6B5B616D}"
EndProject
Global
	GlobalSection(SolutionConfigurationPlatforms) = preSolution
		Debug|x64 = Debug|x64
		Debug|x86 = Debug|x86
		Release|x64 = Release|x64
		Release|x86 = Release|x86
	EndGlobalSection
	GlobalSection(ProjectConfigurationPlatforms) = postSolution
		{6F667864-6A22-408B-9B39-308E6B5B616D}.Debug|x64.ActiveCfg = Debug|x64
		{6F667864-6A22-408B-9B39-308E6B5B616D}.Debug|x64.Build.0 = Debug|x64
		{6F667864-6A22-408B-9B39-308E6B5B616D}.Debug|x86.ActiveCfg = Debug|Win32
		{6F667864-6A22-408B-9B39-308E6B5B616D}.Debug|x86.Build.0 = Debug|Win32
		{6F667864-6A22-408B-9B39-308E6B5B616D}.Release|x64.ActiveCfg = Release|x64
		{6F667864-6A22-408B-9B39-308E6B5B616D}.Release|x64.Build.0 = Release|x64
		{6F667864-6A22-408B-9B39-308E6B5B616D}.Release|x86.ActiveCfg = Release|Win32
		{6F667864-6A22-408B-9B39-308E6B5B616D}.Release|x86.Build.0 = Release|Win32
	EndGlobalSection
	GlobalSection(SolutionProperties) = preSolution
		HideSolutionNode = FALSE
	EndGlobalSection
	GlobalSection(ExtensibilityGlobals) = postSolution
		SolutionGuid = {B605C1F7-9531-4437-AA27-5364A74F3244}
	EndGlobalSection
EndGlobal
